# This file was autogenerated by Stack.
# You should not edit this file by hand.
# For more information, please see the documentation at:
#   https://docs.haskellstack.org/en/stable/lock_files

packages:
- completed:
    hackage: hindent-5.3.2@sha256:070a3622d13e6f0c44d8d189df8f780f61d0b813435a902925ef6d9386b42260,3610
    pantry-tree:
      sha256: 36f9c65bbe71c49741c20839606494dacd70c04e0e70649f1da0978aeaf5f77a
      size: 1027
  original:
    hackage: hindent-5.3.2
- completed:
    hackage: stylish-haskell-0.13.0.0@sha256:a8a648042f7f6a5ba2dc5cf3d692e41b4aa33f55c8a64f94436412362632b4c7,6143
    pantry-tree:
      sha256: 0f7589ccae900b43967c5ff26ec9d8ba8843b76aafc69b0dcbd6da6d91ab6d96
      size: 3812
  original:
    hackage: stylish-haskell-0.13.0.0
- completed:
    hackage: dsp-0.2.5.1@sha256:3138ebd30c6a7e2feadd391b81b9b866603962c0a60a8905757731b5ff72540d,5374
    pantry-tree:
      sha256: cd656b72fcabd39ca252d73882172ef523b85020b47c3ac62b5a5f703c55ca06
      size: 6351
  original:
    hackage: dsp-0.2.5.1
- completed:
    hackage: split-0.2.3.4@sha256:a6df9c3e806ee7cb50bc980a183fc1156f35022a39430dabac0bf9456fe18a4b,2647
    pantry-tree:
      sha256: 4e7559f1be32a70cdbdb96d14db768561dd36b8fdff36b3ffac94751f5b5ae6d
      size: 439
  original:
    hackage: split-0.2.3.4
- completed:
    hackage: random-1.2.1@sha256:8bee24dc0c985a90ee78d94c61f8aed21c49633686f0f1c14c5078d818ee43a2,6598
    pantry-tree:
      sha256: 8bdc994ce41f43624ab42302a881fe5a0f81d965f5d238841e24943664681a06
      size: 1528
  original:
    hackage: random-1.2.1
- completed:
    hackage: splitmix-0.1.0.4@sha256:714a55fd28d3e2533bd5b49e74f604ef8e5d7b06f249c8816f6c54aed431dcf1,6483
    pantry-tree:
      sha256: 79f4645c11b7a3861db0b596297f72804f509444d639a8fd7c0162b1ed80c578
      size: 1519
  original:
    hackage: splitmix-0.1.0.4
- completed:
    hackage: hspec-2.9.4@sha256:658a6a74d5a70c040edd6df2a12228c6d9e63082adaad1ed4d0438ad082a0ef3,1709
    pantry-tree:
      sha256: 0a92fc29b7e7f422dbd056c8e8bb88f5e4009ad37d679a8a2dab3ca62de98277
      size: 583
  original:
    hackage: hspec-2.9.4
- completed:
    hackage: QuickCheck-2.14.2@sha256:4ce29211223d5e6620ebceba34a3ca9ccf1c10c0cf387d48aea45599222ee5aa,7736
    pantry-tree:
      sha256: 2fe423d0ed7cd64f0f165d708779f48814e66c4f181c568468134af55d86a5f8
      size: 2315
  original:
    hackage: QuickCheck-2.14.2
- completed:
    hackage: hspec-core-2.9.4@sha256:a126e9087409fef8dcafcd2f8656456527ac7bb163ed4d9cb3a57589042a5fe8,6498
    pantry-tree:
      sha256: 3715daf7eb40eefeba075013c5b70d57219d0cfd8114706fc7500c9442f05966
      size: 5684
  original:
    hackage: hspec-core-2.9.4
- completed:
    hackage: hspec-discover-2.9.4@sha256:fbcf49ecfc3d4da53e797fd0275264cba776ffa324ee223e2a3f4ec2d2c9c4a6,2165
    pantry-tree:
      sha256: 54035d7fe6836d08d2e6e934b415135f7e77b4cb002167c4620e3b68d3c51bd7
      size: 828
  original:
    hackage: hspec-discover-2.9.4
- completed:
    hackage: hspec-expectations-0.8.2@sha256:e2db24881baadc2d9d23b03cb629e80dcbda89a6b04ace9adb5f4d02ef8b31aa,1594
    pantry-tree:
      sha256: cba2c119c85cf68a18d35cccb365d032359442c82ceb93b295020609712d791f
      size: 602
  original:
    hackage: hspec-expectations-0.8.2
- completed:
    hackage: HUnit-1.6.2.0@sha256:1a79174e8af616117ad39464cac9de205ca923da6582825e97c10786fda933a4,1588
    pantry-tree:
      sha256: 4f20a5a33866171260d0ee1e256c27f53cc84d37a68d498c3e12347f4e3d05b4
      size: 878
  original:
    hackage: HUnit-1.6.2.0@sha256:1a79174e8af616117ad39464cac9de205ca923da6582825e97c10786fda933a4,1588
- completed:
    hackage: ansi-terminal-0.11.1@sha256:e8428fcd5fe9d4e8a796a0c8107b7288a0a93ffaa8d761cf51f803384284bd77,3321
    pantry-tree:
      sha256: 766e3636d5d638f5c451b7384ca08907622ac7ecae643df75497b53f09c97ac2
      size: 1461
  original:
    hackage: ansi-terminal-0.11.1@sha256:e8428fcd5fe9d4e8a796a0c8107b7288a0a93ffaa8d761cf51f803384284bd77,3321
- completed:
    hackage: call-stack-0.4.0@sha256:ac44d2c00931dc20b01750da8c92ec443eb63a7231e8550188cb2ac2385f7feb,1200
    pantry-tree:
      sha256: 04134fa69cdd824b4e4bb7f77e7173e0705f27deabdbbf99549c549400191e1e
      size: 501
  original:
    hackage: call-stack-0.4.0@sha256:ac44d2c00931dc20b01750da8c92ec443eb63a7231e8550188cb2ac2385f7feb,1200
- completed:
    hackage: clock-0.8.2@sha256:473ffd59765cc67634bdc55b63c699a85addf3a024089073ec2a862881e83e2a,4313
    pantry-tree:
      sha256: 8c259cbab153b142020fcb1bd4ca787e0205b5faef6fa2457d83c5d726147a93
      size: 383
  original:
    hackage: clock-0.8.2@sha256:473ffd59765cc67634bdc55b63c699a85addf3a024089073ec2a862881e83e2a,4313
- completed:
    hackage: quickcheck-io-0.2.0@sha256:7bf0b68fb90873825eb2e5e958c1b76126dcf984debb998e81673e6d837e0b2d,1133
    pantry-tree:
      sha256: afaa27fbf8b35aa7ce174abd9c59a84a12fd7f3d08300c3280b22c1d204f11ca
      size: 223
  original:
    hackage: quickcheck-io-0.2.0@sha256:7bf0b68fb90873825eb2e5e958c1b76126dcf984debb998e81673e6d837e0b2d,1133
- completed:
    hackage: setenv-0.1.1.3@sha256:c5916ac0d2a828473cd171261328a290afe0abd799db1ac8c310682fe778c45b,1053
    pantry-tree:
      sha256: 9a071cf2552e6881cd3ac0ce81252d5b96ac7f42cae517d973ea167e3d503265
      size: 212
  original:
    hackage: setenv-0.1.1.3@sha256:c5916ac0d2a828473cd171261328a290afe0abd799db1ac8c310682fe778c45b,1053
- completed:
    hackage: tf-random-0.5@sha256:14012837d0f0e18fdbbe3d56e67da8622ee5e20b180abce952dd50bd9f36b326,3983
    pantry-tree:
      sha256: d6483580cfea846cbf23ff1d7a67849546d5096425b6d61318a34554043b4ffb
      size: 941
  original:
    hackage: tf-random-0.5@sha256:14012837d0f0e18fdbbe3d56e67da8622ee5e20b180abce952dd50bd9f36b326,3983
- completed:
    hackage: colour-2.3.6@sha256:ebdcbf15023958838a527e381ab3c3b1e99ed12d1b25efeb7feaa4ad8c37664a,2378
    pantry-tree:
      sha256: 03f8e22f364deb86098dbfbe0bf83c896437b2355f139abdac0402658fb6ac7e
      size: 1183
  original:
    hackage: colour-2.3.6@sha256:ebdcbf15023958838a527e381ab3c3b1e99ed12d1b25efeb7feaa4ad8c37664a,2378
- completed:
    hackage: primitive-0.7.3.0@sha256:6b28a1c0572f5ca50597ba8388aeade21515842969ae192cdc6bfca81367bf56,2951
    pantry-tree:
      sha256: 4dd118201091c04a138a25e262ab61e8e64e811832eadd8b6b39d56504dfe045
      size: 1655
  original:
    hackage: primitive-0.7.3.0@sha256:6b28a1c0572f5ca50597ba8388aeade21515842969ae192cdc6bfca81367bf56,2951
- completed:
    hackage: lens-5.1@sha256:eb01fc4b1cfbad0e94c497eaf7b9f0e9b6c3dc7645c8b4597da7dc9d579f8500,14519
    pantry-tree:
      sha256: 6236dbada87c86dfc74c3260acc674145b2773b354ac040c65abc54740452e07
      size: 8214
  original:
    hackage: lens-5.1@sha256:eb01fc4b1cfbad0e94c497eaf7b9f0e9b6c3dc7645c8b4597da7dc9d579f8500,14519
- completed:
    hackage: assoc-1.0.2@sha256:e0d9d1febc172e2a1b22aacd25df7f90be557dcf12ff87359f43128f8c194d9e,1237
    pantry-tree:
      sha256: 760f0aa60d4beb6a893ae9f73f64f5e93dc4414487bc0c8dfa33dadffd338de9
      size: 290
  original:
    hackage: assoc-1.0.2@sha256:e0d9d1febc172e2a1b22aacd25df7f90be557dcf12ff87359f43128f8c194d9e,1237
- completed:
    hackage: base-orphans-0.8.6@sha256:eb6758d0160d607e0c45dbd6b196f515b9a589fd4f6d2f926929dd5d56282d37,3175
    pantry-tree:
      sha256: f889d6903383305688e6e703982bfdc985649b7d4538429e44f98f99d8f73c07
      size: 1272
  original:
    hackage: base-orphans-0.8.6@sha256:eb6758d0160d607e0c45dbd6b196f515b9a589fd4f6d2f926929dd5d56282d37,3175
- completed:
    hackage: bifunctors-5.5.11@sha256:cc425ee85aae56dba1123baf6fb3fa7abcd90782f26bb904eef14c7332ee85f6,3919
    pantry-tree:
      sha256: d3f0fdcd108e771b5cb68ee068c9a8637494e0c513f0845124798cc9dcdd11f0
      size: 1758
  original:
    hackage: bifunctors-5.5.11@sha256:cc425ee85aae56dba1123baf6fb3fa7abcd90782f26bb904eef14c7332ee85f6,3919
- completed:
    hackage: comonad-5.0.8@sha256:1f1aabd73ec7f80f20cf078a748a60cd48d8e57277802fdf6a9ab3601a9b8f7e,3631
    pantry-tree:
      sha256: 394660fe7fa4127e5a181890bce28b9fcd6eb180ba25aa5566bc8b5bdd385517
      size: 1618
  original:
    hackage: comonad-5.0.8@sha256:1f1aabd73ec7f80f20cf078a748a60cd48d8e57277802fdf6a9ab3601a9b8f7e,3631
- completed:
    hackage: contravariant-1.5.5@sha256:470ed0e040e879e2da4af1b2c8f94e199f6135852a8107858d5ae0a95365835f,3041
    pantry-tree:
      sha256: 9eb62fea28548dc8a0f60fd47c12843092b78b24ed771b8ad63a0bb34dba8bc4
      size: 652
  original:
    hackage: contravariant-1.5.5@sha256:470ed0e040e879e2da4af1b2c8f94e199f6135852a8107858d5ae0a95365835f,3041
- completed:
    hackage: distributive-0.6.2.1@sha256:0f99f5541cca04acf89b64432b03422b6408e830a8dff30e6c4334ef1a48680c,2996
    pantry-tree:
      sha256: a42bed5fe0ba295643538312dee6c9436314c05a6f7efdd32b4303979f8bd744
      size: 735
  original:
    hackage: distributive-0.6.2.1@sha256:0f99f5541cca04acf89b64432b03422b6408e830a8dff30e6c4334ef1a48680c,2996
- completed:
    hackage: free-5.1.7@sha256:8bfb0e750105d953d403a60d1e535a4e5ebba7112ca2818a70c5d413ae3c6d74,5139
    pantry-tree:
      sha256: c01942471a9021210e666f8a936ae3ba4e7b7bd710ec84bc6e92bb4261ad3b85
      size: 3308
  original:
    hackage: free-5.1.7@sha256:8bfb0e750105d953d403a60d1e535a4e5ebba7112ca2818a70c5d413ae3c6d74,5139
- completed:
    hackage: hashable-1.4.0.1@sha256:0251ad5228be07909a385152a3ff634fac1f892611f89904aea5c5e7af411e5d,4790
    pantry-tree:
      sha256: abd289fe989e99d3b40a27e68f727cf6c6ba192906b436ab0c69850c26d1876f
      size: 1248
  original:
    hackage: hashable-1.4.0.1@sha256:0251ad5228be07909a385152a3ff634fac1f892611f89904aea5c5e7af411e5d,4790
- completed:
    hackage: indexed-traversable-0.1.2@sha256:d66228887242f93ccb4fc7101a1e25a6560c8e4708f6e9ee1d3dd21901756c65,2519
    pantry-tree:
      sha256: 7edfd8672d45016089df7227d9f6452117632a7236d4e71b24a2a1041cab4701
      size: 495
  original:
    hackage: indexed-traversable-0.1.2@sha256:d66228887242f93ccb4fc7101a1e25a6560c8e4708f6e9ee1d3dd21901756c65,2519
- completed:
    hackage: indexed-traversable-instances-0.1.1@sha256:69ce2476ac8376bc269ca05a7a5973f033d4a7736793dc22a3ec3032da70ceb7,3224
    pantry-tree:
      sha256: 707d8d3c66d153d4671a7c12cacf9928e3d2df93b9d411b6c7462c4073c3c619
      size: 480
  original:
    hackage: indexed-traversable-instances-0.1.1@sha256:69ce2476ac8376bc269ca05a7a5973f033d4a7736793dc22a3ec3032da70ceb7,3224
- completed:
    hackage: kan-extensions-5.2.3@sha256:f98303d68cfe59981e30cd981327503a8bff429a6124654700c813ec1eedf8fa,2922
    pantry-tree:
      sha256: 4e1dc9b85c4683b65f37d81efd3b02ebe368fcaad0e4e697a711d6abb57e3472
      size: 1421
  original:
    hackage: kan-extensions-5.2.3@sha256:f98303d68cfe59981e30cd981327503a8bff429a6124654700c813ec1eedf8fa,2922
- completed:
    hackage: parallel-3.2.2.0@sha256:19ff631f3a26ee7cf0603e2b80fc375d77d3f350ae460ae72fe4cf5da665c90b,1821
    pantry-tree:
      sha256: d6a417b6076136ea30d825c9239f44c2f007e0050f58bff57d2aac80359e5287
      size: 392
  original:
    hackage: parallel-3.2.2.0@sha256:19ff631f3a26ee7cf0603e2b80fc375d77d3f350ae460ae72fe4cf5da665c90b,1821
- completed:
    hackage: profunctors-5.6.2@sha256:3d3685119243a7ebf984fa6af03299d156ab7674a432e2e15ecee2a4fd420fb6,2483
    pantry-tree:
      sha256: 2a839845b75d600ab5a51c582a740de87805f794caa5836b6a16250d9b535789
      size: 1588
  original:
    hackage: profunctors-5.6.2@sha256:3d3685119243a7ebf984fa6af03299d156ab7674a432e2e15ecee2a4fd420fb6,2483
- completed:
    hackage: reflection-2.1.6@sha256:f41afef54a696377bb7591e12969a56e7a4a1cf1d2a32210ab24c6a7aa9bd7ae,4116
    pantry-tree:
      sha256: 3d40dd538ec28c67f9c08c69199d6c4848cf9d0898092d45add9d006f00d788c
      size: 1062
  original:
    hackage: reflection-2.1.6@sha256:f41afef54a696377bb7591e12969a56e7a4a1cf1d2a32210ab24c6a7aa9bd7ae,4116
- completed:
    hackage: semigroupoids-5.3.6@sha256:56119f42bc080256100bd6dab6292c144eef430b3430f2ce1581e8e06668d33e,7752
    pantry-tree:
      sha256: bbdbff3cc65e5cf23a28e2256d282bffdba87b674d38681833e5624cc18ca88b
      size: 2404
  original:
    hackage: semigroupoids-5.3.6@sha256:56119f42bc080256100bd6dab6292c144eef430b3430f2ce1581e8e06668d33e,7752
- completed:
    hackage: strict-0.4.0.1@sha256:ca6fba3bd2ddc0b70f31286192aa36359a99f1c0cd50e821ffc37bee772fd68f,4170
    pantry-tree:
      sha256: ec6ce31880d5684c9362928dbbdfed5d0bc205edcb966fad6cde4872df237adf
      size: 654
  original:
    hackage: strict-0.4.0.1@sha256:ca6fba3bd2ddc0b70f31286192aa36359a99f1c0cd50e821ffc37bee772fd68f,4170
- completed:
    hackage: tagged-0.8.6.1@sha256:29c67d98a4404607f024750ab9c7210dadcbbef4e1944c48c52902f2071b2662,2874
    pantry-tree:
      sha256: 4548d4f2d43e25a182ac6f5da34364c4a41a1da88468c671445a0bf2a70c130c
      size: 496
  original:
    hackage: tagged-0.8.6.1@sha256:29c67d98a4404607f024750ab9c7210dadcbbef4e1944c48c52902f2071b2662,2874
- completed:
    hackage: th-abstraction-0.4.3.0@sha256:db4b3b69398acd8a7c5c8cc8a962da55d65d05d44d5039b51bd3cb5fb3d8400f,2148
    pantry-tree:
      sha256: cd2d3fd020b3c6b415e41c71b60999ca7dd14918b056e15e090f640cba1feed8
      size: 670
  original:
    hackage: th-abstraction-0.4.3.0@sha256:db4b3b69398acd8a7c5c8cc8a962da55d65d05d44d5039b51bd3cb5fb3d8400f,2148
- completed:
    hackage: these-1.1.1.1@sha256:f069e766b8fed73d457fca20cc197f5c539bcdd03d7636e478ddf14dbb67684a,2748
    pantry-tree:
      sha256: 09a71077d04df022d79d341f69eb5dad8e8e103839b51f21a28920bba1e1ad9f
      size: 351
  original:
    hackage: these-1.1.1.1@sha256:f069e766b8fed73d457fca20cc197f5c539bcdd03d7636e478ddf14dbb67684a,2748
- completed:
    hackage: transformers-compat-0.7.1@sha256:03534fcfd4a6026d415b0e19d2a48d6ccb639e809db0cd41f313bc771a887a9b,5602
    pantry-tree:
      sha256: 62a237717ebb6337a8ca3b446a1fa3075fd0e5136384e00760f702064eda9c0f
      size: 1724
  original:
    hackage: transformers-compat-0.7.1@sha256:03534fcfd4a6026d415b0e19d2a48d6ccb639e809db0cd41f313bc771a887a9b,5602
- completed:
    hackage: unordered-containers-0.2.16.0@sha256:859ec9a017e51194755cb8a445b767afc5ce0ac991cd50b0f96abd31b3687aab,5217
    pantry-tree:
      sha256: e8d877c3c7545bc3d0e5b990466572a39b19f440bbf7a0e1bdde7521176cd12a
      size: 1316
  original:
    hackage: unordered-containers-0.2.16.0@sha256:859ec9a017e51194755cb8a445b767afc5ce0ac991cd50b0f96abd31b3687aab,5217
- completed:
    hackage: vector-0.12.3.1@sha256:040210919e5ce454dcee3320f77803da3dbda579c8428dc25ff0155732234808,7946
    pantry-tree:
      sha256: 00cfcd768c02740343ecf67de4542f30a4ebbbd7200849a22271b35965837fef
      size: 3842
  original:
    hackage: vector-0.12.3.1@sha256:040210919e5ce454dcee3320f77803da3dbda579c8428dc25ff0155732234808,7946
- completed:
    hackage: OneTuple-0.3.1@sha256:a848c096c9d29e82ffdd30a9998aa2931cbccb3a1bc137539d80f6174d31603e,2262
    pantry-tree:
      sha256: a685b08622f1fe0641e4f228a290878a1db4f7ef3eb63d00b10e8632097d1e6f
      size: 506
  original:
    hackage: OneTuple-0.3.1@sha256:a848c096c9d29e82ffdd30a9998aa2931cbccb3a1bc137539d80f6174d31603e,2262
- completed:
    hackage: StateVar-1.2.2@sha256:3c022c00485fe165e3080d5da6b3ca9c9b02f62c5deebc584d1b3d1309ce673e,1673
    pantry-tree:
      sha256: 204cac98219e99334f47b12c565945611748ea03a4d629273dd697d738bcfd7f
      size: 314
  original:
    hackage: StateVar-1.2.2@sha256:3c022c00485fe165e3080d5da6b3ca9c9b02f62c5deebc584d1b3d1309ce673e,1673
- completed:
    hackage: adjunctions-4.4@sha256:2738dd5f5d5e93749adb14a05472e58a96a75d0f299e46371c6f46dc4e97daf9,3067
    pantry-tree:
      sha256: b9b90a45e77481a8f24baa9b61dbf862199ec736b99344b5c7ae9c905f0425d8
      size: 1560
  original:
    hackage: adjunctions-4.4@sha256:2738dd5f5d5e93749adb14a05472e58a96a75d0f299e46371c6f46dc4e97daf9,3067
- completed:
    hackage: ghc-bignum-orphans-0.1.1@sha256:4f6dfb2a191dd3068c2915ba96a1ab3c4b78b4b4e57186698b9ab42007bfa926,1303
    pantry-tree:
      sha256: 4f178ca6b76c9ac961570786f9a2a7c4dd24469d0b5e880386a87643a7fe205e
      size: 278
  original:
    hackage: ghc-bignum-orphans-0.1.1@sha256:4f6dfb2a191dd3068c2915ba96a1ab3c4b78b4b4e57186698b9ab42007bfa926,1303
- completed:
    hackage: invariant-0.5.5@sha256:1d92f6f6f1c3a95d8ffaa393baa2d8ae8c42a9e472c060144c0a0864aa4d23ca,3468
    pantry-tree:
      sha256: 6d95a5e7151c6b32702d570545247c92f871636bef469d3cf0111d555b2cf42d
      size: 650
  original:
    hackage: invariant-0.5.5@sha256:1d92f6f6f1c3a95d8ffaa393baa2d8ae8c42a9e472c060144c0a0864aa4d23ca,3468
- completed:
    hackage: transformers-base-0.4.6@sha256:6f18f320e371c8954c4b6b211e2fdd5d15a6d6310bd605b9d640f47ede408961,1643
    pantry-tree:
      sha256: 6c2d24a9678865e2a5f4b6286cb17228673a6987fb546bf07b89ffbd19716ad2
      size: 275
  original:
    hackage: transformers-base-0.4.6@sha256:6f18f320e371c8954c4b6b211e2fdd5d15a6d6310bd605b9d640f47ede408961,1643
- completed:
    hackage: semigroups-0.20@sha256:925341e6f7eb104cb490bef06eab93bb7995c7c67c51ee938185a2ddefa7aaf2,6333
    pantry-tree:
      sha256: d4d3f0b32a68cf8808fcb8d2de117ab9ec09dbfec93a297aa3d386ca79a0fe05
      size: 481
  original:
    hackage: semigroups-0.20@sha256:925341e6f7eb104cb490bef06eab93bb7995c7c67c51ee938185a2ddefa7aaf2,6333
- completed:
    hackage: void-0.7.3@sha256:13d30f62fcdf065e595d679d4ac8b4b0c1bb1a1b73db7b5b5a8f857cb5c8a546,1857
    pantry-tree:
      sha256: 5730b45e857424c97d24ee1cf530be1fc782cd000221ac97b5568be886cbbc2b
      size: 584
  original:
    hackage: void-0.7.3@sha256:13d30f62fcdf065e595d679d4ac8b4b0c1bb1a1b73db7b5b5a8f857cb5c8a546,1857
- completed:
    hackage: pqueue-1.4.1.4@sha256:6c8ca63f67241a3b57ed063c9f72d70dbbb6a1115d735e49481bfaecd241b661,1867
    pantry-tree:
      sha256: 279e6c8c50be080b8eed7925036d4c247e176b9c26966554573d4cd69e24d8ce
      size: 886
  original:
    hackage: pqueue-1.4.1.4@sha256:6c8ca63f67241a3b57ed063c9f72d70dbbb6a1115d735e49481bfaecd241b661,1867
snapshots: []
